
Microsoft Visual Studio Solution File, Format Version 12.00
# Visual Studio Version 17
VisualStudioVersion = 17.3.32929.385
MinimumVisualStudioVersion = 10.0.40219.1
Project("{9A19103F-16F7-4668-BE54-9A1E7A4F7556}") = "WebApp", "WebApp.csproj", "{33138BA4-8377-4502-87BA-47124B9710BB}"
EndProject
Global
	GlobalSection(SolutionConfigurationPlatforms) = preSolution
		Debug|Any CPU = Debug|Any CPU
		Release|Any CPU = Release|Any CPU
	EndGlobalSection
	GlobalSection(ProjectConfigurationPlatforms) = postSolution
		{33138BA4-8377-4502-87BA-47124B9710BB}.Debug|Any CPU.ActiveCfg = Debug|Any CPU
		{33138BA4-8377-4502-87BA-47124B9710BB}.Debug|Any CPU.Build.0 = Debug|Any CPU
		{33138BA4-8377-4502-87BA-47124B9710BB}.Release|Any CPU.ActiveCfg = Release|Any CPU
		{33138BA4-8377-4502-87BA-47124B9710BB}.Release|Any CPU.Build.0 = Release|Any CPU
	EndGlobalSection
	GlobalSection(SolutionProperties) = preSolution
		HideSolutionNode = FALSE
	EndGlobalSection
	GlobalSection(ExtensibilityGlobals) = postSolution
		SolutionGuid = {5BB05E22-1B17-4789-8A6E-8D69F045E6AE}
	EndGlobalSection
EndGlobal
